// !$*UTF8*$!
{
	archiveVersion = 1;
	classes = {
	};
	objectVersion = 46;
	objects = {

/* Begin PBXBuildFile section */
		4874B8D01F29AFDD00F47FF0 /* AppDelegate.swift in Sources */ = {isa = PBXBuildFile; fileRef = 4874B8CF1F29AFDD00F47FF0 /* AppDelegate.swift */; };
		4874B8D21F29AFDD00F47FF0 /* InitialVC.swift in Sources */ = {isa = PBXBuildFile; fileRef = 4874B8D11F29AFDD00F47FF0 /* InitialVC.swift */; };
		4874B8D51F29AFDD00F47FF0 /* Main.storyboard in Resources */ = {isa = PBXBuildFile; fileRef = 4874B8D31F29AFDD00F47FF0 /* Main.storyboard */; };
		4874B8D71F29AFDD00F47FF0 /* Assets.xcassets in Resources */ = {isa = PBXBuildFile; fileRef = 4874B8D61F29AFDD00F47FF0 /* Assets.xcassets */; };
		4874B8DA1F29AFDD00F47FF0 /* LaunchScreen.storyboard in Resources */ = {isa = PBXBuildFile; fileRef = 4874B8D81F29AFDD00F47FF0 /* LaunchScreen.storyboard */; };
		4874B8E21F2B03F200F47FF0 /* UIButtonX.swift in Sources */ = {isa = PBXBuildFile; fileRef = 4874B8E11F2B03F200F47FF0 /* UIButtonX.swift */; };
		48869C871F40FEA100923940 /* AssemblyTableViewController.swift in Sources */ = {isa = PBXBuildFile; fileRef = 48869C861F40FEA100923940 /* AssemblyTableViewController.swift */; };
		48869C8C1F41000000923940 /* Model.xcdatamodeld in Sources */ = {isa = PBXBuildFile; fileRef = 48869C8A1F41000000923940 /* Model.xcdatamodeld */; };
		48869CAE1F410CC500923940 /* ServiceBulletin+CoreDataClass.swift in Sources */ = {isa = PBXBuildFile; fileRef = 48869CA81F410CC500923940 /* ServiceBulletin+CoreDataClass.swift */; };
		48869CAF1F410CC500923940 /* ServiceBulletin+CoreDataProperties.swift in Sources */ = {isa = PBXBuildFile; fileRef = 48869CA91F410CC500923940 /* ServiceBulletin+CoreDataProperties.swift */; };
		48869CB01F410CC500923940 /* Order+CoreDataClass.swift in Sources */ = {isa = PBXBuildFile; fileRef = 48869CAA1F410CC500923940 /* Order+CoreDataClass.swift */; };
		48869CB11F410CC500923940 /* Order+CoreDataProperties.swift in Sources */ = {isa = PBXBuildFile; fileRef = 48869CAB1F410CC500923940 /* Order+CoreDataProperties.swift */; };
		48869CB31F417A0900923940 /* CoreDataStack.swift in Sources */ = {isa = PBXBuildFile; fileRef = 48869CB21F417A0900923940 /* CoreDataStack.swift */; };
		48869CB71F4201DE00923940 /* Part+CoreDataClass.swift in Sources */ = {isa = PBXBuildFile; fileRef = 48869CB51F4201DE00923940 /* Part+CoreDataClass.swift */; };
		48869CB81F4201DE00923940 /* Part+CoreDataProperties.swift in Sources */ = {isa = PBXBuildFile; fileRef = 48869CB61F4201DE00923940 /* Part+CoreDataProperties.swift */; };
		48869CBA1F42097A00923940 /* acmeParts.json in Resources */ = {isa = PBXBuildFile; fileRef = 48869CB91F42097A00923940 /* acmeParts.json */; };
		489FA6D61F3583C9004D02FC /* RocketSledVC.swift in Sources */ = {isa = PBXBuildFile; fileRef = 489FA6D51F3583C9004D02FC /* RocketSledVC.swift */; };
		489FA6D81F39A246004D02FC /* AcmeBomb.swift in Sources */ = {isa = PBXBuildFile; fileRef = 489FA6D71F39A246004D02FC /* AcmeBomb.swift */; };
		48BB0C681F2EBB9000B2ED1F /* partsTabVC.swift in Sources */ = {isa = PBXBuildFile; fileRef = 48BB0C671F2EBB9000B2ED1F /* partsTabVC.swift */; };
		48BB0C6A1F2EFE9D00B2ED1F /* queueTab.swift in Sources */ = {isa = PBXBuildFile; fileRef = 48BB0C691F2EFE9D00B2ED1F /* queueTab.swift */; };
/* End PBXBuildFile section */

/* Begin PBXFileReference section */
		4874B8CC1F29AFDD00F47FF0 /* WileECoyote.app */ = {isa = PBXFileReference; explicitFileType = wrapper.application; includeInIndex = 0; path = WileECoyote.app; sourceTree = BUILT_PRODUCTS_DIR; };
		4874B8CF1F29AFDD00F47FF0 /* AppDelegate.swift */ = {isa = PBXFileReference; lastKnownFileType = sourcecode.swift; path = AppDelegate.swift; sourceTree = "<group>"; };
		4874B8D11F29AFDD00F47FF0 /* InitialVC.swift */ = {isa = PBXFileReference; lastKnownFileType = sourcecode.swift; name = InitialVC.swift; path = WileECoyote/InitialVC.swift; sourceTree = "<group>"; };
		4874B8D41F29AFDD00F47FF0 /* Base */ = {isa = PBXFileReference; lastKnownFileType = file.storyboard; name = Base; path = Base.lproj/Main.storyboard; sourceTree = "<group>"; };
		4874B8D61F29AFDD00F47FF0 /* Assets.xcassets */ = {isa = PBXFileReference; lastKnownFileType = folder.assetcatalog; path = Assets.xcassets; sourceTree = "<group>"; };
		4874B8D91F29AFDD00F47FF0 /* Base */ = {isa = PBXFileReference; lastKnownFileType = file.storyboard; name = Base; path = Base.lproj/LaunchScreen.storyboard; sourceTree = "<group>"; };
		4874B8DB1F29AFDD00F47FF0 /* Info.plist */ = {isa = PBXFileReference; lastKnownFileType = text.plist.xml; path = Info.plist; sourceTree = "<group>"; };
		4874B8E11F2B03F200F47FF0 /* UIButtonX.swift */ = {isa = PBXFileReference; fileEncoding = 4; lastKnownFileType = sourcecode.swift; path = UIButtonX.swift; sourceTree = "<group>"; };
		4874B8E41F2B05C700F47FF0 /* Antsy_Light.otf */ = {isa = PBXFileReference; lastKnownFileType = file; path = Antsy_Light.otf; sourceTree = "<group>"; };
		48869C861F40FEA100923940 /* AssemblyTableViewController.swift */ = {isa = PBXFileReference; fileEncoding = 4; lastKnownFileType = sourcecode.swift; name = AssemblyTableViewController.swift; path = WileECoyote/AssemblyTableViewController.swift; sourceTree = "<group>"; };
		48869C8B1F41000000923940 /* Model.xcdatamodel */ = {isa = PBXFileReference; lastKnownFileType = wrapper.xcdatamodel; path = Model.xcdatamodel; sourceTree = "<group>"; };
		48869CA81F410CC500923940 /* ServiceBulletin+CoreDataClass.swift */ = {isa = PBXFileReference; fileEncoding = 4; lastKnownFileType = sourcecode.swift; path = "ServiceBulletin+CoreDataClass.swift"; sourceTree = "<group>"; };
		48869CA91F410CC500923940 /* ServiceBulletin+CoreDataProperties.swift */ = {isa = PBXFileReference; fileEncoding = 4; lastKnownFileType = sourcecode.swift; path = "ServiceBulletin+CoreDataProperties.swift"; sourceTree = "<group>"; };
		48869CAA1F410CC500923940 /* Order+CoreDataClass.swift */ = {isa = PBXFileReference; fileEncoding = 4; lastKnownFileType = sourcecode.swift; path = "Order+CoreDataClass.swift"; sourceTree = "<group>"; };
		48869CAB1F410CC500923940 /* Order+CoreDataProperties.swift */ = {isa = PBXFileReference; fileEncoding = 4; lastKnownFileType = sourcecode.swift; path = "Order+CoreDataProperties.swift"; sourceTree = "<group>"; };
		48869CB21F417A0900923940 /* CoreDataStack.swift */ = {isa = PBXFileReference; fileEncoding = 4; lastKnownFileType = sourcecode.swift; name = CoreDataStack.swift; path = WileECoyote/CoreDataStack.swift; sourceTree = "<group>"; };
		48869CB51F4201DE00923940 /* Part+CoreDataClass.swift */ = {isa = PBXFileReference; fileEncoding = 4; lastKnownFileType = sourcecode.swift; path = "Part+CoreDataClass.swift"; sourceTree = "<group>"; };
		48869CB61F4201DE00923940 /* Part+CoreDataProperties.swift */ = {isa = PBXFileReference; fileEncoding = 4; lastKnownFileType = sourcecode.swift; path = "Part+CoreDataProperties.swift"; sourceTree = "<group>"; };
		48869CB91F42097A00923940 /* acmeParts.json */ = {isa = PBXFileReference; fileEncoding = 4; lastKnownFileType = text.json; path = acmeParts.json; sourceTree = "<group>"; };
		489FA6D51F3583C9004D02FC /* RocketSledVC.swift */ = {isa = PBXFileReference; fileEncoding = 4; lastKnownFileType = sourcecode.swift; name = RocketSledVC.swift; path = WileECoyote/RocketSledVC.swift; sourceTree = "<group>"; };
		489FA6D71F39A246004D02FC /* AcmeBomb.swift */ = {isa = PBXFileReference; fileEncoding = 4; lastKnownFileType = sourcecode.swift; name = AcmeBomb.swift; path = WileECoyote/AcmeBomb.swift; sourceTree = "<group>"; };
		48BB0C671F2EBB9000B2ED1F /* partsTabVC.swift */ = {isa = PBXFileReference; fileEncoding = 4; lastKnownFileType = sourcecode.swift; name = partsTabVC.swift; path = WileECoyote/partsTabVC.swift; sourceTree = "<group>"; };
		48BB0C691F2EFE9D00B2ED1F /* queueTab.swift */ = {isa = PBXFileReference; fileEncoding = 4; lastKnownFileType = sourcecode.swift; name = queueTab.swift; path = WileECoyote/queueTab.swift; sourceTree = "<group>"; };
/* End PBXFileReference section */

/* Begin PBXFrameworksBuildPhase section */
		4874B8C91F29AFDD00F47FF0 /* Frameworks */ = {
			isa = PBXFrameworksBuildPhase;
			buildActionMask = 2147483647;
			files = (
			);
			runOnlyForDeploymentPostprocessing = 0;
		};
/* End PBXFrameworksBuildPhase section */

/* Begin PBXGroup section */
		4874B8C31F29AFDC00F47FF0 = {
			isa = PBXGroup;
			children = (
				4874B8CE1F29AFDD00F47FF0 /* WileECoyote */,
				4874B8CD1F29AFDD00F47FF0 /* Products */,
			);
			sourceTree = "<group>";
		};
		4874B8CD1F29AFDD00F47FF0 /* Products */ = {
			isa = PBXGroup;
			children = (
				4874B8CC1F29AFDD00F47FF0 /* WileECoyote.app */,
			);
			name = Products;
			sourceTree = "<group>";
		};
		4874B8CE1F29AFDD00F47FF0 /* WileECoyote */ = {
			isa = PBXGroup;
			children = (
				4874B8CF1F29AFDD00F47FF0 /* AppDelegate.swift */,
				4874B8D31F29AFDD00F47FF0 /* Main.storyboard */,
				48869CB41F417EBE00923940 /* ViewControllers */,
				48869C991F4109C400923940 /* Core Data */,
				4874B8E31F2B042F00F47FF0 /* Resources */,
			);
			path = WileECoyote;
			sourceTree = "<group>";
		};
		4874B8E31F2B042F00F47FF0 /* Resources */ = {
			isa = PBXGroup;
			children = (
				4874B8E41F2B05C700F47FF0 /* Antsy_Light.otf */,
				4874B8DB1F29AFDD00F47FF0 /* Info.plist */,
				4874B8E11F2B03F200F47FF0 /* UIButtonX.swift */,
				4874B8D61F29AFDD00F47FF0 /* Assets.xcassets */,
				4874B8D81F29AFDD00F47FF0 /* LaunchScreen.storyboard */,
			);
			name = Resources;
			sourceTree = "<group>";
		};
		48869C991F4109C400923940 /* Core Data */ = {
			isa = PBXGroup;
			children = (
				48869CB51F4201DE00923940 /* Part+CoreDataClass.swift */,
				48869CB61F4201DE00923940 /* Part+CoreDataProperties.swift */,
				48869CA81F410CC500923940 /* ServiceBulletin+CoreDataClass.swift */,
				48869CA91F410CC500923940 /* ServiceBulletin+CoreDataProperties.swift */,
				48869CAA1F410CC500923940 /* Order+CoreDataClass.swift */,
				48869CAB1F410CC500923940 /* Order+CoreDataProperties.swift */,
				48869C8A1F41000000923940 /* Model.xcdatamodeld */,
				48869CB21F417A0900923940 /* CoreDataStack.swift */,
				48869CB91F42097A00923940 /* acmeParts.json */,
			);
			name = "Core Data";
			path = ..;
			sourceTree = "<group>";
		};
		48869CB41F417EBE00923940 /* ViewControllers */ = {
			isa = PBXGroup;
			children = (
				48869C861F40FEA100923940 /* AssemblyTableViewController.swift */,
				4874B8D11F29AFDD00F47FF0 /* InitialVC.swift */,
				48BB0C671F2EBB9000B2ED1F /* partsTabVC.swift */,
				489FA6D71F39A246004D02FC /* AcmeBomb.swift */,
				489FA6D51F3583C9004D02FC /* RocketSledVC.swift */,
				48BB0C691F2EFE9D00B2ED1F /* queueTab.swift */,
			);
			name = ViewControllers;
			path = ..;
			sourceTree = "<group>";
		};
/* End PBXGroup section */

/* Begin PBXNativeTarget section */
		4874B8CB1F29AFDD00F47FF0 /* WileECoyote */ = {
			isa = PBXNativeTarget;
			buildConfigurationList = 4874B8DE1F29AFDD00F47FF0 /* Build configuration list for PBXNativeTarget "WileECoyote" */;
			buildPhases = (
				4874B8C81F29AFDD00F47FF0 /* Sources */,
				4874B8C91F29AFDD00F47FF0 /* Frameworks */,
				4874B8CA1F29AFDD00F47FF0 /* Resources */,
			);
			buildRules = (
			);
			dependencies = (
			);
			name = WileECoyote;
			productName = WileECoyote;
			productReference = 4874B8CC1F29AFDD00F47FF0 /* WileECoyote.app */;
			productType = "com.apple.product-type.application";
		};
/* End PBXNativeTarget section */

/* Begin PBXProject section */
		4874B8C41F29AFDC00F47FF0 /* Project object */ = {
			isa = PBXProject;
			attributes = {
				LastSwiftUpdateCheck = 0830;
				LastUpgradeCheck = 0830;
				ORGANIZATIONNAME = QSS;
				TargetAttributes = {
					4874B8CB1F29AFDD00F47FF0 = {
						CreatedOnToolsVersion = 8.3.3;
						DevelopmentTeam = ZP5B9HS488;
						ProvisioningStyle = Automatic;
					};
				};
			};
			buildConfigurationList = 4874B8C71F29AFDC00F47FF0 /* Build configuration list for PBXProject "WileECoyote" */;
			compatibilityVersion = "Xcode 3.2";
			developmentRegion = English;
			hasScannedForEncodings = 0;
			knownRegions = (
				en,
				Base,
			);
			mainGroup = 4874B8C31F29AFDC00F47FF0;
			productRefGroup = 4874B8CD1F29AFDD00F47FF0 /* Products */;
			projectDirPath = "";
			projectRoot = "";
			targets = (
				4874B8CB1F29AFDD00F47FF0 /* WileECoyote */,
			);
		};
/* End PBXProject section */

/* Begin PBXResourcesBuildPhase section */
		4874B8CA1F29AFDD00F47FF0 /* Resources */ = {
			isa = PBXResourcesBuildPhase;
			buildActionMask = 2147483647;
			files = (
				4874B8DA1F29AFDD00F47FF0 /* LaunchScreen.storyboard in Resources */,
				4874B8D71F29AFDD00F47FF0 /* Assets.xcassets in Resources */,
				48869CBA1F42097A00923940 /* acmeParts.json in Resources */,
				4874B8D51F29AFDD00F47FF0 /* Main.storyboard in Resources */,
			);
			runOnlyForDeploymentPostprocessing = 0;
		};
/* End PBXResourcesBuildPhase section */

/* Begin PBXSourcesBuildPhase section */
		4874B8C81F29AFDD00F47FF0 /* Sources */ = {
			isa = PBXSourcesBuildPhase;
			buildActionMask = 2147483647;
			files = (
				48869CB11F410CC500923940 /* Order+CoreDataProperties.swift in Sources */,
				4874B8D21F29AFDD00F47FF0 /* InitialVC.swift in Sources */,
				48869C871F40FEA100923940 /* AssemblyTableViewController.swift in Sources */,
				48869CAF1F410CC500923940 /* ServiceBulletin+CoreDataProperties.swift in Sources */,
				48869CB81F4201DE00923940 /* Part+CoreDataProperties.swift in Sources */,
				48BB0C681F2EBB9000B2ED1F /* partsTabVC.swift in Sources */,
				489FA6D61F3583C9004D02FC /* RocketSledVC.swift in Sources */,
				48869CAE1F410CC500923940 /* ServiceBulletin+CoreDataClass.swift in Sources */,
				48BB0C6A1F2EFE9D00B2ED1F /* queueTab.swift in Sources */,
				4874B8D01F29AFDD00F47FF0 /* AppDelegate.swift in Sources */,
				48869CB31F417A0900923940 /* CoreDataStack.swift in Sources */,
				48869C8C1F41000000923940 /* Model.xcdatamodeld in Sources */,
				4874B8E21F2B03F200F47FF0 /* UIButtonX.swift in Sources */,
				48869CB01F410CC500923940 /* Order+CoreDataClass.swift in Sources */,
				48869CB71F4201DE00923940 /* Part+CoreDataClass.swift in Sources */,
				489FA6D81F39A246004D02FC /* AcmeBomb.swift in Sources */,
			);
			runOnlyForDeploymentPostprocessing = 0;
		};
/* End PBXSourcesBuildPhase section */

/* Begin PBXVariantGroup section */
		4874B8D31F29AFDD00F47FF0 /* Main.storyboard */ = {
			isa = PBXVariantGroup;
			children = (
				4874B8D41F29AFDD00F47FF0 /* Base */,
			);
			name = Main.storyboard;
			sourceTree = "<group>";
		};
		4874B8D81F29AFDD00F47FF0 /* LaunchScreen.storyboard */ = {
			isa = PBXVariantGroup;
			children = (
				4874B8D91F29AFDD00F47FF0 /* Base */,
			);
			name = LaunchScreen.storyboard;
			sourceTree = "<group>";
		};
/* End PBXVariantGroup section */

/* Begin XCBuildConfiguration section */
		4874B8DC1F29AFDD00F47FF0 /* Debug */ = {
			isa = XCBuildConfiguration;
			buildSettings = {
				ALWAYS_SEARCH_USER_PATHS = NO;
				CLANG_ANALYZER_NONNULL = YES;
				CLANG_ANALYZER_NUMBER_OBJECT_CONVERSION = YES_AGGRESSIVE;
				CLANG_CXX_LANGUAGE_STANDARD = "gnu++0x";
				CLANG_CXX_LIBRARY = "libc++";
				CLANG_ENABLE_MODULES = YES;
				CLANG_ENABLE_OBJC_ARC = YES;
				CLANG_WARN_BOOL_CONVERSION = YES;
				CLANG_WARN_CONSTANT_CONVERSION = YES;
				CLANG_WARN_DIRECT_OBJC_ISA_USAGE = YES_ERROR;
				CLANG_WARN_DOCUMENTATION_COMMENTS = YES;
				CLANG_WARN_EMPTY_BODY = YES;
				CLANG_WARN_ENUM_CONVERSION = YES;
				CLANG_WARN_INFINITE_RECURSION = YES;
				CLANG_WARN_INT_CONVERSION = YES;
				CLANG_WARN_OBJC_ROOT_CLASS = YES_ERROR;
				CLANG_WARN_SUSPICIOUS_MOVE = YES;
				CLANG_WARN_UNREACHABLE_CODE = YES;
				CLANG_WARN__DUPLICATE_METHOD_MATCH = YES;
				"CODE_SIGN_IDENTITY[sdk=iphoneos*]" = "iPhone Developer";
				COPY_PHASE_STRIP = NO;
				DEBUG_INFORMATION_FORMAT = dwarf;
				ENABLE_STRICT_OBJC_MSGSEND = YES;
				ENABLE_TESTABILITY = YES;
				GCC_C_LANGUAGE_STANDARD = gnu99;
				GCC_DYNAMIC_NO_PIC = NO;
				GCC_NO_COMMON_BLOCKS = YES;
				GCC_OPTIMIZATION_LEVEL = 0;
				GCC_PREPROCESSOR_DEFINITIONS = (
					"DEBUG=1",
					"$(inherited)",
				);
				GCC_WARN_64_TO_32_BIT_CONVERSION = YES;
				GCC_WARN_ABOUT_RETURN_TYPE = YES_ERROR;
				GCC_WARN_UNDECLARED_SELECTOR = YES;
				GCC_WARN_UNINITIALIZED_AUTOS = YES_AGGRESSIVE;
				GCC_WARN_UNUSED_FUNCTION = YES;
				GCC_WARN_UNUSED_VARIABLE = YES;
				IPHONEOS_DEPLOYMENT_TARGET = 10.3;
				MTL_ENABLE_DEBUG_INFO = YES;
				ONLY_ACTIVE_ARCH = YES;
				SDKROOT = iphoneos;
				SWIFT_ACTIVE_COMPILATION_CONDITIONS = DEBUG;
				SWIFT_OPTIMIZATION_LEVEL = "-Onone";
				TARGETED_DEVICE_FAMILY = "1,2";
			};
			name = Debug;
		};
		4874B8DD1F29AFDD00F47FF0 /* Release */ = {
			isa = XCBuildConfiguration;
			buildSettings = {
				ALWAYS_SEARCH_USER_PATHS = NO;
				CLANG_ANALYZER_NONNULL = YES;
				CLANG_ANALYZER_NUMBER_OBJECT_CONVERSION = YES_AGGRESSIVE;
				CLANG_CXX_LANGUAGE_STANDARD = "gnu++0x";
				CLANG_CXX_LIBRARY = "libc++";
				CLANG_ENABLE_MODULES = YES;
				CLANG_ENABLE_OBJC_ARC = YES;
				CLANG_WARN_BOOL_CONVERSION = YES;
				CLANG_WARN_CONSTANT_CONVERSION = YES;
				CLANG_WARN_DIRECT_OBJC_ISA_USAGE = YES_ERROR;
				CLANG_WARN_DOCUMENTATION_COMMENTS = YES;
				CLANG_WARN_EMPTY_BODY = YES;
				CLANG_WARN_ENUM_CONVERSION = YES;
				CLANG_WARN_INFINITE_RECURSION = YES;
				CLANG_WARN_INT_CONVERSION = YES;
				CLANG_WARN_OBJC_ROOT_CLASS = YES_ERROR;
				CLANG_WARN_SUSPICIOUS_MOVE = YES;
				CLANG_WARN_UNREACHABLE_CODE = YES;
				CLANG_WARN__DUPLICATE_METHOD_MATCH = YES;
				"CODE_SIGN_IDENTITY[sdk=iphoneos*]" = "iPhone Developer";
				COPY_PHASE_STRIP = NO;
				DEBUG_INFORMATION_FORMAT = "dwarf-with-dsym";
				ENABLE_NS_ASSERTIONS = NO;
				ENABLE_STRICT_OBJC_MSGSEND = YES;
				GCC_C_LANGUAGE_STANDARD = gnu99;
				GCC_NO_COMMON_BLOCKS = YES;
				GCC_WARN_64_TO_32_BIT_CONVERSION = YES;
				GCC_WARN_ABOUT_RETURN_TYPE = YES_ERROR;
				GCC_WARN_UNDECLARED_SELECTOR = YES;
				GCC_WARN_UNINITIALIZED_AUTOS = YES_AGGRESSIVE;
				GCC_WARN_UNUSED_FUNCTION = YES;
				GCC_WARN_UNUSED_VARIABLE = YES;
				IPHONEOS_DEPLOYMENT_TARGET = 10.3;
				MTL_ENABLE_DEBUG_INFO = NO;
				SDKROOT = iphoneos;
				SWIFT_OPTIMIZATION_LEVEL = "-Owholemodule";
				TARGETED_DEVICE_FAMILY = "1,2";
				VALIDATE_PRODUCT = YES;
			};
			name = Release;
		};
		4874B8DF1F29AFDD00F47FF0 /* Debug */ = {
			isa = XCBuildConfiguration;
			buildSettings = {
				ASSETCATALOG_COMPILER_APPICON_NAME = AppIcon;
				DEVELOPMENT_TEAM = ZP5B9HS488;
				INFOPLIST_FILE = WileECoyote/Info.plist;
				LD_RUNPATH_SEARCH_PATHS = "$(inherited) @executable_path/Frameworks";
				PRODUCT_BUNDLE_IDENTIFIER = com.paulrefalo.WileECoyote;
				PRODUCT_NAME = "$(TARGET_NAME)";
				SWIFT_VERSION = 3.0;
			};
			name = Debug;
		};
		4874B8E01F29AFDD00F47FF0 /* Release */ = {
			isa = XCBuildConfiguration;
			buildSettings = {
				ASSETCATALOG_COMPILER_APPICON_NAME = AppIcon;
				DEVELOPMENT_TEAM = ZP5B9HS488;
				INFOPLIST_FILE = WileECoyote/Info.plist;
				LD_RUNPATH_SEARCH_PATHS = "$(inherited) @executable_path/Frameworks";
				PRODUCT_BUNDLE_IDENTIFIER = com.paulrefalo.WileECoyote;
				PRODUCT_NAME = "$(TARGET_NAME)";
				SWIFT_VERSION = 3.0;
			};
			name = Release;
		};
/* End XCBuildConfiguration section */

/* Begin XCConfigurationList section */
		4874B8C71F29AFDC00F47FF0 /* Build configuration list for PBXProject "WileECoyote" */ = {
			isa = XCConfigurationList;
			buildConfigurations = (
				4874B8DC1F29AFDD00F47FF0 /* Debug */,
				4874B8DD1F29AFDD00F47FF0 /* Release */,
			);
			defaultConfigurationIsVisible = 0;
			defaultConfigurationName = Release;
		};
		4874B8DE1F29AFDD00F47FF0 /* Build configuration list for PBXNativeTarget "WileECoyote" */ = {
			isa = XCConfigurationList;
			buildConfigurations = (
				4874B8DF1F29AFDD00F47FF0 /* Debug */,
				4874B8E01F29AFDD00F47FF0 /* Release */,
			);
			defaultConfigurationIsVisible = 0;
			defaultConfigurationName = Release;
		};
/* End XCConfigurationList section */

/* Begin XCVersionGroup section */
		48869C8A1F41000000923940 /* Model.xcdatamodeld */ = {
			isa = XCVersionGroup;
			children = (
				48869C8B1F41000000923940 /* Model.xcdatamodel */,
			);
			currentVersion = 48869C8B1F41000000923940 /* Model.xcdatamodel */;
			name = Model.xcdatamodeld;
			path = WileECoyote/Model.xcdatamodeld;
			sourceTree = "<group>";
			versionGroupType = wrapper.xcdatamodel;
		};
/* End XCVersionGroup section */
	};
	rootObject = 4874B8C41F29AFDC00F47FF0 /* Project object */;
}
